
Microsoft Visual Studio Solution File, Format Version 12.00
# Visual Studio Version 17
VisualStudioVersion = 17.6.33723.286
MinimumVisualStudioVersion = 10.0.40219.1
Project("{9A19103F-16F7-4668-BE54-9A1E7A4F7556}") = "Events_v2", "Events_v1\Events_v2.csproj", "{2EFBC833-25C4-4B4C-968B-863A2B8DC6DB}"
EndProject
Global
	GlobalSection(SolutionConfigurationPlatforms) = preSolution
		Debug|Any CPU = Debug|Any CPU
		Release|Any CPU = Release|Any CPU
	EndGlobalSection
	GlobalSection(ProjectConfigurationPlatforms) = postSolution
		{2EFBC833-25C4-4B4C-968B-863A2B8DC6DB}.Debug|Any CPU.ActiveCfg = Debug|Any CPU
		{2EFBC833-25C4-4B4C-968B-863A2B8DC6DB}.Debug|Any CPU.Build.0 = Debug|Any CPU
		{2EFBC833-25C4-4B4C-968B-863A2B8DC6DB}.Release|Any CPU.ActiveCfg = Release|Any CPU
		{2EFBC833-25C4-4B4C-968B-863A2B8DC6DB}.Release|Any CPU.Build.0 = Release|Any CPU
	EndGlobalSection
	GlobalSection(SolutionProperties) = preSolution
		HideSolutionNode = FALSE
	EndGlobalSection
	GlobalSection(ExtensibilityGlobals) = postSolution
		SolutionGuid = {0D7260C8-4BBB-4E5F-ABA7-75B0CEFE94C2}
	EndGlobalSection
EndGlobal
